// !$*UTF8*$!
{
	archiveVersion = 1;
	classes = {
	};
	objectVersion = 46;
	objects = {

/* Begin PBXBuildFile section */
		434278A6D201DFB48D2F62B9 /* Pods.framework in Frameworks */ = {isa = PBXBuildFile; fileRef = 08C7D36E79DEE8CC6C958DBB /* Pods.framework */; };
		CE2277FA1C0D4ECD002C808B /* ZXTreeView.swift in Sources */ = {isa = PBXBuildFile; fileRef = CE2277F91C0D4ECD002C808B /* ZXTreeView.swift */; };
		CE2277FD1C0D6FB2002C808B /* dir@2x.png in Resources */ = {isa = PBXBuildFile; fileRef = CE2277FC1C0D6FB2002C808B /* dir@2x.png */; };
		CE2277FF1C0D7A02002C808B /* code@2x.png in Resources */ = {isa = PBXBuildFile; fileRef = CE2277FE1C0D7A02002C808B /* code@2x.png */; };
		CE2278011C0D8368002C808B /* ZXTreeViewCell.swift in Sources */ = {isa = PBXBuildFile; fileRef = CE2278001C0D8368002C808B /* ZXTreeViewCell.swift */; };
		CE2278031C0D92CB002C808B /* Array+.swift in Sources */ = {isa = PBXBuildFile; fileRef = CE2278021C0D92CB002C808B /* Array+.swift */; };
		CE2278051C0D949D002C808B /* ZXFileDirectoryView.swift in Sources */ = {isa = PBXBuildFile; fileRef = CE2278041C0D949D002C808B /* ZXFileDirectoryView.swift */; };
		CE2278071C0DED17002C808B /* dir_open@2x.png in Resources */ = {isa = PBXBuildFile; fileRef = CE2278061C0DED17002C808B /* dir_open@2x.png */; };
		CEA239DB1BF7670200D53F57 /* highlight.pack.js in Resources */ = {isa = PBXBuildFile; fileRef = CEA239951BF7670200D53F57 /* highlight.pack.js */; };
		CEA239DC1BF7670200D53F57 /* agate.css in Resources */ = {isa = PBXBuildFile; fileRef = CEA239971BF7670200D53F57 /* agate.css */; };
		CEA239DD1BF7670200D53F57 /* androidstudio.css in Resources */ = {isa = PBXBuildFile; fileRef = CEA239981BF7670200D53F57 /* androidstudio.css */; };
		CEA239DE1BF7670200D53F57 /* arta.css in Resources */ = {isa = PBXBuildFile; fileRef = CEA239991BF7670200D53F57 /* arta.css */; };
		CEA239DF1BF7670200D53F57 /* ascetic.css in Resources */ = {isa = PBXBuildFile; fileRef = CEA2399A1BF7670200D53F57 /* ascetic.css */; };
		CEA239E01BF7670200D53F57 /* atelier-cave.dark.css in Resources */ = {isa = PBXBuildFile; fileRef = CEA2399B1BF7670200D53F57 /* atelier-cave.dark.css */; };
		CEA239E11BF7670200D53F57 /* atelier-cave.light.css in Resources */ = {isa = PBXBuildFile; fileRef = CEA2399C1BF7670200D53F57 /* atelier-cave.light.css */; };
		CEA239E21BF7670200D53F57 /* atelier-dune.dark.css in Resources */ = {isa = PBXBuildFile; fileRef = CEA2399D1BF7670200D53F57 /* atelier-dune.dark.css */; };
		CEA239E31BF7670200D53F57 /* atelier-dune.light.css in Resources */ = {isa = PBXBuildFile; fileRef = CEA2399E1BF7670200D53F57 /* atelier-dune.light.css */; };
		CEA239E41BF7670200D53F57 /* atelier-estuary.dark.css in Resources */ = {isa = PBXBuildFile; fileRef = CEA2399F1BF7670200D53F57 /* atelier-estuary.dark.css */; };
		CEA239E51BF7670200D53F57 /* atelier-estuary.light.css in Resources */ = {isa = PBXBuildFile; fileRef = CEA239A01BF7670200D53F57 /* atelier-estuary.light.css */; };
		CEA239E61BF7670200D53F57 /* atelier-forest.dark.css in Resources */ = {isa = PBXBuildFile; fileRef = CEA239A11BF7670200D53F57 /* atelier-forest.dark.css */; };
		CEA239E71BF7670200D53F57 /* atelier-forest.light.css in Resources */ = {isa = PBXBuildFile; fileRef = CEA239A21BF7670200D53F57 /* atelier-forest.light.css */; };
		CEA239E81BF7670200D53F57 /* atelier-heath.dark.css in Resources */ = {isa = PBXBuildFile; fileRef = CEA239A31BF7670200D53F57 /* atelier-heath.dark.css */; };
		CEA239E91BF7670200D53F57 /* atelier-heath.light.css in Resources */ = {isa = PBXBuildFile; fileRef = CEA239A41BF7670200D53F57 /* atelier-heath.light.css */; };
		CEA239EA1BF7670200D53F57 /* atelier-lakeside.dark.css in Resources */ = {isa = PBXBuildFile; fileRef = CEA239A51BF7670200D53F57 /* atelier-lakeside.dark.css */; };
		CEA239EB1BF7670200D53F57 /* atelier-lakeside.light.css in Resources */ = {isa = PBXBuildFile; fileRef = CEA239A61BF7670200D53F57 /* atelier-lakeside.light.css */; };
		CEA239EC1BF7670200D53F57 /* atelier-plateau.dark.css in Resources */ = {isa = PBXBuildFile; fileRef = CEA239A71BF7670200D53F57 /* atelier-plateau.dark.css */; };
		CEA239ED1BF7670200D53F57 /* atelier-plateau.light.css in Resources */ = {isa = PBXBuildFile; fileRef = CEA239A81BF7670200D53F57 /* atelier-plateau.light.css */; };
		CEA239EE1BF7670200D53F57 /* atelier-savanna.dark.css in Resources */ = {isa = PBXBuildFile; fileRef = CEA239A91BF7670200D53F57 /* atelier-savanna.dark.css */; };
		CEA239EF1BF7670200D53F57 /* atelier-savanna.light.css in Resources */ = {isa = PBXBuildFile; fileRef = CEA239AA1BF7670200D53F57 /* atelier-savanna.light.css */; };
		CEA239F01BF7670200D53F57 /* atelier-seaside.dark.css in Resources */ = {isa = PBXBuildFile; fileRef = CEA239AB1BF7670200D53F57 /* atelier-seaside.dark.css */; };
		CEA239F11BF7670200D53F57 /* atelier-seaside.light.css in Resources */ = {isa = PBXBuildFile; fileRef = CEA239AC1BF7670200D53F57 /* atelier-seaside.light.css */; };
		CEA239F21BF7670200D53F57 /* atelier-sulphurpool.dark.css in Resources */ = {isa = PBXBuildFile; fileRef = CEA239AD1BF7670200D53F57 /* atelier-sulphurpool.dark.css */; };
		CEA239F31BF7670200D53F57 /* atelier-sulphurpool.light.css in Resources */ = {isa = PBXBuildFile; fileRef = CEA239AE1BF7670200D53F57 /* atelier-sulphurpool.light.css */; };
		CEA239F41BF7670200D53F57 /* brown_paper.css in Resources */ = {isa = PBXBuildFile; fileRef = CEA239AF1BF7670200D53F57 /* brown_paper.css */; };
		CEA239F51BF7670200D53F57 /* brown_papersq.png in Resources */ = {isa = PBXBuildFile; fileRef = CEA239B01BF7670200D53F57 /* brown_papersq.png */; };
		CEA239F61BF7670200D53F57 /* codepen-embed.css in Resources */ = {isa = PBXBuildFile; fileRef = CEA239B11BF7670200D53F57 /* codepen-embed.css */; };
		CEA239F71BF7670200D53F57 /* color-brewer.css in Resources */ = {isa = PBXBuildFile; fileRef = CEA239B21BF7670200D53F57 /* color-brewer.css */; };
		CEA239F81BF7670200D53F57 /* dark.css in Resources */ = {isa = PBXBuildFile; fileRef = CEA239B31BF7670200D53F57 /* dark.css */; };
		CEA239F91BF7670200D53F57 /* darkula.css in Resources */ = {isa = PBXBuildFile; fileRef = CEA239B41BF7670200D53F57 /* darkula.css */; };
		CEA239FA1BF7670200D53F57 /* default.css in Resources */ = {isa = PBXBuildFile; fileRef = CEA239B51BF7670200D53F57 /* default.css */; };
		CEA239FB1BF7670200D53F57 /* docco.css in Resources */ = {isa = PBXBuildFile; fileRef = CEA239B61BF7670200D53F57 /* docco.css */; };
		CEA239FC1BF7670200D53F57 /* far.css in Resources */ = {isa = PBXBuildFile; fileRef = CEA239B71BF7670200D53F57 /* far.css */; };
		CEA239FD1BF7670200D53F57 /* foundation.css in Resources */ = {isa = PBXBuildFile; fileRef = CEA239B81BF7670200D53F57 /* foundation.css */; };
		CEA239FE1BF7670200D53F57 /* github-gist.css in Resources */ = {isa = PBXBuildFile; fileRef = CEA239B91BF7670200D53F57 /* github-gist.css */; };
		CEA239FF1BF7670200D53F57 /* github.css in Resources */ = {isa = PBXBuildFile; fileRef = CEA239BA1BF7670200D53F57 /* github.css */; };
		CEA23A001BF7670200D53F57 /* googlecode.css in Resources */ = {isa = PBXBuildFile; fileRef = CEA239BB1BF7670200D53F57 /* googlecode.css */; };
		CEA23A011BF7670200D53F57 /* grayscale.css in Resources */ = {isa = PBXBuildFile; fileRef = CEA239BC1BF7670200D53F57 /* grayscale.css */; };
		CEA23A021BF7670200D53F57 /* hopscotch.css in Resources */ = {isa = PBXBuildFile; fileRef = CEA239BD1BF7670200D53F57 /* hopscotch.css */; };
		CEA23A031BF7670200D53F57 /* hybrid.css in Resources */ = {isa = PBXBuildFile; fileRef = CEA239BE1BF7670200D53F57 /* hybrid.css */; };
		CEA23A041BF7670200D53F57 /* idea.css in Resources */ = {isa = PBXBuildFile; fileRef = CEA239BF1BF7670200D53F57 /* idea.css */; };
		CEA23A051BF7670200D53F57 /* ir_black.css in Resources */ = {isa = PBXBuildFile; fileRef = CEA239C01BF7670200D53F57 /* ir_black.css */; };
		CEA23A061BF7670200D53F57 /* kimbie.dark.css in Resources */ = {isa = PBXBuildFile; fileRef = CEA239C11BF7670200D53F57 /* kimbie.dark.css */; };
		CEA23A071BF7670200D53F57 /* kimbie.light.css in Resources */ = {isa = PBXBuildFile; fileRef = CEA239C21BF7670200D53F57 /* kimbie.light.css */; };
		CEA23A081BF7670200D53F57 /* magula.css in Resources */ = {isa = PBXBuildFile; fileRef = CEA239C31BF7670200D53F57 /* magula.css */; };
		CEA23A091BF7670200D53F57 /* mono-blue.css in Resources */ = {isa = PBXBuildFile; fileRef = CEA239C41BF7670200D53F57 /* mono-blue.css */; };
		CEA23A0A1BF7670200D53F57 /* monokai.css in Resources */ = {isa = PBXBuildFile; fileRef = CEA239C51BF7670200D53F57 /* monokai.css */; };
		CEA23A0B1BF7670200D53F57 /* monokai_sublime.css in Resources */ = {isa = PBXBuildFile; fileRef = CEA239C61BF7670200D53F57 /* monokai_sublime.css */; };
		CEA23A0C1BF7670200D53F57 /* obsidian.css in Resources */ = {isa = PBXBuildFile; fileRef = CEA239C71BF7670200D53F57 /* obsidian.css */; };
		CEA23A0D1BF7670200D53F57 /* paraiso.dark.css in Resources */ = {isa = PBXBuildFile; fileRef = CEA239C81BF7670200D53F57 /* paraiso.dark.css */; };
		CEA23A0E1BF7670200D53F57 /* paraiso.light.css in Resources */ = {isa = PBXBuildFile; fileRef = CEA239C91BF7670200D53F57 /* paraiso.light.css */; };
		CEA23A0F1BF7670200D53F57 /* pojoaque.css in Resources */ = {isa = PBXBuildFile; fileRef = CEA239CA1BF7670200D53F57 /* pojoaque.css */; };
		CEA23A101BF7670200D53F57 /* pojoaque.jpg in Resources */ = {isa = PBXBuildFile; fileRef = CEA239CB1BF7670200D53F57 /* pojoaque.jpg */; };
		CEA23A111BF7670200D53F57 /* railscasts.css in Resources */ = {isa = PBXBuildFile; fileRef = CEA239CC1BF7670200D53F57 /* railscasts.css */; };
		CEA23A121BF7670200D53F57 /* rainbow.css in Resources */ = {isa = PBXBuildFile; fileRef = CEA239CD1BF7670200D53F57 /* rainbow.css */; };
		CEA23A131BF7670200D53F57 /* school_book.css in Resources */ = {isa = PBXBuildFile; fileRef = CEA239CE1BF7670200D53F57 /* school_book.css */; };
		CEA23A141BF7670200D53F57 /* school_book.png in Resources */ = {isa = PBXBuildFile; fileRef = CEA239CF1BF7670200D53F57 /* school_book.png */; };
		CEA23A151BF7670200D53F57 /* solarized_dark.css in Resources */ = {isa = PBXBuildFile; fileRef = CEA239D01BF7670200D53F57 /* solarized_dark.css */; };
		CEA23A161BF7670200D53F57 /* solarized_light.css in Resources */ = {isa = PBXBuildFile; fileRef = CEA239D11BF7670200D53F57 /* solarized_light.css */; };
		CEA23A171BF7670200D53F57 /* sunburst.css in Resources */ = {isa = PBXBuildFile; fileRef = CEA239D21BF7670200D53F57 /* sunburst.css */; };
		CEA23A181BF7670200D53F57 /* tomorrow-night-blue.css in Resources */ = {isa = PBXBuildFile; fileRef = CEA239D31BF7670200D53F57 /* tomorrow-night-blue.css */; };
		CEA23A191BF7670200D53F57 /* tomorrow-night-bright.css in Resources */ = {isa = PBXBuildFile; fileRef = CEA239D41BF7670200D53F57 /* tomorrow-night-bright.css */; };
		CEA23A1A1BF7670200D53F57 /* tomorrow-night-eighties.css in Resources */ = {isa = PBXBuildFile; fileRef = CEA239D51BF7670200D53F57 /* tomorrow-night-eighties.css */; };
		CEA23A1B1BF7670200D53F57 /* tomorrow-night.css in Resources */ = {isa = PBXBuildFile; fileRef = CEA239D61BF7670200D53F57 /* tomorrow-night.css */; };
		CEA23A1C1BF7670200D53F57 /* tomorrow.css in Resources */ = {isa = PBXBuildFile; fileRef = CEA239D71BF7670200D53F57 /* tomorrow.css */; };
		CEA23A1D1BF7670200D53F57 /* vs.css in Resources */ = {isa = PBXBuildFile; fileRef = CEA239D81BF7670200D53F57 /* vs.css */; };
		CEA23A1E1BF7670200D53F57 /* xcode.css in Resources */ = {isa = PBXBuildFile; fileRef = CEA239D91BF7670200D53F57 /* xcode.css */; };
		CEA23A1F1BF7670200D53F57 /* zenburn.css in Resources */ = {isa = PBXBuildFile; fileRef = CEA239DA1BF7670200D53F57 /* zenburn.css */; };
		CECB15FC1BF4DA6E00F28F78 /* AppDelegate.swift in Sources */ = {isa = PBXBuildFile; fileRef = CECB15FB1BF4DA6E00F28F78 /* AppDelegate.swift */; };
		CECB15FE1BF4DA6E00F28F78 /* ViewController.swift in Sources */ = {isa = PBXBuildFile; fileRef = CECB15FD1BF4DA6E00F28F78 /* ViewController.swift */; };
		CECB16011BF4DA6E00F28F78 /* Main.storyboard in Resources */ = {isa = PBXBuildFile; fileRef = CECB15FF1BF4DA6E00F28F78 /* Main.storyboard */; };
		CECB16031BF4DA6E00F28F78 /* Assets.xcassets in Resources */ = {isa = PBXBuildFile; fileRef = CECB16021BF4DA6E00F28F78 /* Assets.xcassets */; };
		CECB16061BF4DA6E00F28F78 /* LaunchScreen.storyboard in Resources */ = {isa = PBXBuildFile; fileRef = CECB16041BF4DA6E00F28F78 /* LaunchScreen.storyboard */; };
		CECB17381BF5029F00F28F78 /* top.png in Resources */ = {isa = PBXBuildFile; fileRef = CECB16D01BF5029F00F28F78 /* top.png */; };
		CECB17391BF5029F00F28F78 /* ZXGuideViewController.swift in Sources */ = {isa = PBXBuildFile; fileRef = CECB16D41BF5029F00F28F78 /* ZXGuideViewController.swift */; };
		CECB173A1BF5029F00F28F78 /* ZXNavigationController.swift in Sources */ = {isa = PBXBuildFile; fileRef = CECB16D61BF5029F00F28F78 /* ZXNavigationController.swift */; };
		CECB173B1BF5029F00F28F78 /* NSString+.swift in Sources */ = {isa = PBXBuildFile; fileRef = CECB16D91BF5029F00F28F78 /* NSString+.swift */; };
		CECB173C1BF5029F00F28F78 /* NSURL+.swift in Sources */ = {isa = PBXBuildFile; fileRef = CECB16DA1BF5029F00F28F78 /* NSURL+.swift */; };
		CECB173D1BF5029F00F28F78 /* UIImage+.swift in Sources */ = {isa = PBXBuildFile; fileRef = CECB16DB1BF5029F00F28F78 /* UIImage+.swift */; };
		CECB17401BF5029F00F28F78 /* UINavigationItem+.swift in Sources */ = {isa = PBXBuildFile; fileRef = CECB16DE1BF5029F00F28F78 /* UINavigationItem+.swift */; };
		CECB17411BF5029F00F28F78 /* UIScrollView+.swift in Sources */ = {isa = PBXBuildFile; fileRef = CECB16DF1BF5029F00F28F78 /* UIScrollView+.swift */; };
		CECB17421BF5029F00F28F78 /* UIView+.swift in Sources */ = {isa = PBXBuildFile; fileRef = CECB16E01BF5029F00F28F78 /* UIView+.swift */; };
		CECB17431BF5029F00F28F78 /* ZXColor.swift in Sources */ = {isa = PBXBuildFile; fileRef = CECB16E11BF5029F00F28F78 /* ZXColor.swift */; };
		CECB17441BF5029F00F28F78 /* ZXHelper.swift in Sources */ = {isa = PBXBuildFile; fileRef = CECB16E21BF5029F00F28F78 /* ZXHelper.swift */; };
		CECB17451BF5029F00F28F78 /* ZXPaths.swift in Sources */ = {isa = PBXBuildFile; fileRef = CECB16E31BF5029F00F28F78 /* ZXPaths.swift */; };
		CECB17461BF5029F00F28F78 /* ZXCircleView.swift in Sources */ = {isa = PBXBuildFile; fileRef = CECB16E61BF5029F00F28F78 /* ZXCircleView.swift */; };
		CECB17471BF5029F00F28F78 /* ZXCuteView.swift in Sources */ = {isa = PBXBuildFile; fileRef = CECB16E81BF5029F00F28F78 /* ZXCuteView.swift */; };
		CECB178D1BF5029F00F28F78 /* ZXHighlightWebView.swift in Sources */ = {isa = PBXBuildFile; fileRef = CECB17311BF5029F00F28F78 /* ZXHighlightWebView.swift */; };
		CECB178E1BF5029F00F28F78 /* ZXOptionView.swift in Sources */ = {isa = PBXBuildFile; fileRef = CECB17331BF5029F00F28F78 /* ZXOptionView.swift */; };
		CECB178F1BF5029F00F28F78 /* ZXPageControl.swift in Sources */ = {isa = PBXBuildFile; fileRef = CECB17351BF5029F00F28F78 /* ZXPageControl.swift */; };
		CECB17901BF5029F00F28F78 /* ZXPagingView.swift in Sources */ = {isa = PBXBuildFile; fileRef = CECB17371BF5029F00F28F78 /* ZXPagingView.swift */; };
/* End PBXBuildFile section */

/* Begin PBXFileReference section */
		08C7D36E79DEE8CC6C958DBB /* Pods.framework */ = {isa = PBXFileReference; explicitFileType = wrapper.framework; includeInIndex = 0; path = Pods.framework; sourceTree = BUILT_PRODUCTS_DIR; };
		16040A3793806ACA8F372E96 /* Pods.debug.xcconfig */ = {isa = PBXFileReference; includeInIndex = 1; lastKnownFileType = text.xcconfig; name = Pods.debug.xcconfig; path = "Pods/Target Support Files/Pods/Pods.debug.xcconfig"; sourceTree = "<group>"; };
		B556D2944BF49F8C6DFF68FE /* Pods.release.xcconfig */ = {isa = PBXFileReference; includeInIndex = 1; lastKnownFileType = text.xcconfig; name = Pods.release.xcconfig; path = "Pods/Target Support Files/Pods/Pods.release.xcconfig"; sourceTree = "<group>"; };
		CE2277F91C0D4ECD002C808B /* ZXTreeView.swift */ = {isa = PBXFileReference; fileEncoding = 4; lastKnownFileType = sourcecode.swift; path = ZXTreeView.swift; sourceTree = "<group>"; };
		CE2277FC1C0D6FB2002C808B /* dir@2x.png */ = {isa = PBXFileReference; lastKnownFileType = image.png; path = "dir@2x.png"; sourceTree = "<group>"; };
		CE2277FE1C0D7A02002C808B /* code@2x.png */ = {isa = PBXFileReference; lastKnownFileType = image.png; path = "code@2x.png"; sourceTree = "<group>"; };
		CE2278001C0D8368002C808B /* ZXTreeViewCell.swift */ = {isa = PBXFileReference; fileEncoding = 4; lastKnownFileType = sourcecode.swift; path = ZXTreeViewCell.swift; sourceTree = "<group>"; };
		CE2278021C0D92CB002C808B /* Array+.swift */ = {isa = PBXFileReference; fileEncoding = 4; lastKnownFileType = sourcecode.swift; path = "Array+.swift"; sourceTree = "<group>"; };
		CE2278041C0D949D002C808B /* ZXFileDirectoryView.swift */ = {isa = PBXFileReference; fileEncoding = 4; lastKnownFileType = sourcecode.swift; path = ZXFileDirectoryView.swift; sourceTree = "<group>"; };
		CE2278061C0DED17002C808B /* dir_open@2x.png */ = {isa = PBXFileReference; lastKnownFileType = image.png; path = "dir_open@2x.png"; sourceTree = "<group>"; };
		CEA239951BF7670200D53F57 /* highlight.pack.js */ = {isa = PBXFileReference; fileEncoding = 4; lastKnownFileType = sourcecode.javascript; path = highlight.pack.js; sourceTree = "<group>"; };
		CEA239971BF7670200D53F57 /* agate.css */ = {isa = PBXFileReference; fileEncoding = 4; lastKnownFileType = text.css; path = agate.css; sourceTree = "<group>"; };
		CEA239981BF7670200D53F57 /* androidstudio.css */ = {isa = PBXFileReference; fileEncoding = 4; lastKnownFileType = text.css; path = androidstudio.css; sourceTree = "<group>"; };
		CEA239991BF7670200D53F57 /* arta.css */ = {isa = PBXFileReference; fileEncoding = 4; lastKnownFileType = text.css; path = arta.css; sourceTree = "<group>"; };
		CEA2399A1BF7670200D53F57 /* ascetic.css */ = {isa = PBXFileReference; fileEncoding = 4; lastKnownFileType = text.css; path = ascetic.css; sourceTree = "<group>"; };
		CEA2399B1BF7670200D53F57 /* atelier-cave.dark.css */ = {isa = PBXFileReference; fileEncoding = 4; lastKnownFileType = text.css; path = "atelier-cave.dark.css"; sourceTree = "<group>"; };
		CEA2399C1BF7670200D53F57 /* atelier-cave.light.css */ = {isa = PBXFileReference; fileEncoding = 4; lastKnownFileType = text.css; path = "atelier-cave.light.css"; sourceTree = "<group>"; };
		CEA2399D1BF7670200D53F57 /* atelier-dune.dark.css */ = {isa = PBXFileReference; fileEncoding = 4; lastKnownFileType = text.css; path = "atelier-dune.dark.css"; sourceTree = "<group>"; };
		CEA2399E1BF7670200D53F57 /* atelier-dune.light.css */ = {isa = PBXFileReference; fileEncoding = 4; lastKnownFileType = text.css; path = "atelier-dune.light.css"; sourceTree = "<group>"; };
		CEA2399F1BF7670200D53F57 /* atelier-estuary.dark.css */ = {isa = PBXFileReference; fileEncoding = 4; lastKnownFileType = text.css; path = "atelier-estuary.dark.css"; sourceTree = "<group>"; };
		CEA239A01BF7670200D53F57 /* atelier-estuary.light.css */ = {isa = PBXFileReference; fileEncoding = 4; lastKnownFileType = text.css; path = "atelier-estuary.light.css"; sourceTree = "<group>"; };
		CEA239A11BF7670200D53F57 /* atelier-forest.dark.css */ = {isa = PBXFileReference; fileEncoding = 4; lastKnownFileType = text.css; path = "atelier-forest.dark.css"; sourceTree = "<group>"; };
		CEA239A21BF7670200D53F57 /* atelier-forest.light.css */ = {isa = PBXFileReference; fileEncoding = 4; lastKnownFileType = text.css; path = "atelier-forest.light.css"; sourceTree = "<group>"; };
		CEA239A31BF7670200D53F57 /* atelier-heath.dark.css */ = {isa = PBXFileReference; fileEncoding = 4; lastKnownFileType = text.css; path = "atelier-heath.dark.css"; sourceTree = "<group>"; };
		CEA239A41BF7670200D53F57 /* atelier-heath.light.css */ = {isa = PBXFileReference; fileEncoding = 4; lastKnownFileType = text.css; path = "atelier-heath.light.css"; sourceTree = "<group>"; };
		CEA239A51BF7670200D53F57 /* atelier-lakeside.dark.css */ = {isa = PBXFileReference; fileEncoding = 4; lastKnownFileType = text.css; path = "atelier-lakeside.dark.css"; sourceTree = "<group>"; };
		CEA239A61BF7670200D53F57 /* atelier-lakeside.light.css */ = {isa = PBXFileReference; fileEncoding = 4; lastKnownFileType = text.css; path = "atelier-lakeside.light.css"; sourceTree = "<group>"; };
		CEA239A71BF7670200D53F57 /* atelier-plateau.dark.css */ = {isa = PBXFileReference; fileEncoding = 4; lastKnownFileType = text.css; path = "atelier-plateau.dark.css"; sourceTree = "<group>"; };
		CEA239A81BF7670200D53F57 /* atelier-plateau.light.css */ = {isa = PBXFileReference; fileEncoding = 4; lastKnownFileType = text.css; path = "atelier-plateau.light.css"; sourceTree = "<group>"; };
		CEA239A91BF7670200D53F57 /* atelier-savanna.dark.css */ = {isa = PBXFileReference; fileEncoding = 4; lastKnownFileType = text.css; path = "atelier-savanna.dark.css"; sourceTree = "<group>"; };
		CEA239AA1BF7670200D53F57 /* atelier-savanna.light.css */ = {isa = PBXFileReference; fileEncoding = 4; lastKnownFileType = text.css; path = "atelier-savanna.light.css"; sourceTree = "<group>"; };
		CEA239AB1BF7670200D53F57 /* atelier-seaside.dark.css */ = {isa = PBXFileReference; fileEncoding = 4; lastKnownFileType = text.css; path = "atelier-seaside.dark.css"; sourceTree = "<group>"; };
		CEA239AC1BF7670200D53F57 /* atelier-seaside.light.css */ = {isa = PBXFileReference; fileEncoding = 4; lastKnownFileType = text.css; path = "atelier-seaside.light.css"; sourceTree = "<group>"; };
		CEA239AD1BF7670200D53F57 /* atelier-sulphurpool.dark.css */ = {isa = PBXFileReference; fileEncoding = 4; lastKnownFileType = text.css; path = "atelier-sulphurpool.dark.css"; sourceTree = "<group>"; };
		CEA239AE1BF7670200D53F57 /* atelier-sulphurpool.light.css */ = {isa = PBXFileReference; fileEncoding = 4; lastKnownFileType = text.css; path = "atelier-sulphurpool.light.css"; sourceTree = "<group>"; };
		CEA239AF1BF7670200D53F57 /* brown_paper.css */ = {isa = PBXFileReference; fileEncoding = 4; lastKnownFileType = text.css; path = brown_paper.css; sourceTree = "<group>"; };
		CEA239B01BF7670200D53F57 /* brown_papersq.png */ = {isa = PBXFileReference; lastKnownFileType = image.png; path = brown_papersq.png; sourceTree = "<group>"; };
		CEA239B11BF7670200D53F57 /* codepen-embed.css */ = {isa = PBXFileReference; fileEncoding = 4; lastKnownFileType = text.css; path = "codepen-embed.css"; sourceTree = "<group>"; };
		CEA239B21BF7670200D53F57 /* color-brewer.css */ = {isa = PBXFileReference; fileEncoding = 4; lastKnownFileType = text.css; path = "color-brewer.css"; sourceTree = "<group>"; };
		CEA239B31BF7670200D53F57 /* dark.css */ = {isa = PBXFileReference; fileEncoding = 4; lastKnownFileType = text.css; path = dark.css; sourceTree = "<group>"; };
		CEA239B41BF7670200D53F57 /* darkula.css */ = {isa = PBXFileReference; fileEncoding = 4; lastKnownFileType = text.css; path = darkula.css; sourceTree = "<group>"; };
		CEA239B51BF7670200D53F57 /* default.css */ = {isa = PBXFileReference; fileEncoding = 4; lastKnownFileType = text.css; path = default.css; sourceTree = "<group>"; };
		CEA239B61BF7670200D53F57 /* docco.css */ = {isa = PBXFileReference; fileEncoding = 4; lastKnownFileType = text.css; path = docco.css; sourceTree = "<group>"; };
		CEA239B71BF7670200D53F57 /* far.css */ = {isa = PBXFileReference; fileEncoding = 4; lastKnownFileType = text.css; path = far.css; sourceTree = "<group>"; };
		CEA239B81BF7670200D53F57 /* foundation.css */ = {isa = PBXFileReference; fileEncoding = 4; lastKnownFileType = text.css; path = foundation.css; sourceTree = "<group>"; };
		CEA239B91BF7670200D53F57 /* github-gist.css */ = {isa = PBXFileReference; fileEncoding = 4; lastKnownFileType = text.css; path = "github-gist.css"; sourceTree = "<group>"; };
		CEA239BA1BF7670200D53F57 /* github.css */ = {isa = PBXFileReference; fileEncoding = 4; lastKnownFileType = text.css; path = github.css; sourceTree = "<group>"; };
		CEA239BB1BF7670200D53F57 /* googlecode.css */ = {isa = PBXFileReference; fileEncoding = 4; lastKnownFileType = text.css; path = googlecode.css; sourceTree = "<group>"; };
		CEA239BC1BF7670200D53F57 /* grayscale.css */ = {isa = PBXFileReference; fileEncoding = 4; lastKnownFileType = text.css; path = grayscale.css; sourceTree = "<group>"; };
		CEA239BD1BF7670200D53F57 /* hopscotch.css */ = {isa = PBXFileReference; fileEncoding = 4; lastKnownFileType = text.css; path = hopscotch.css; sourceTree = "<group>"; };
		CEA239BE1BF7670200D53F57 /* hybrid.css */ = {isa = PBXFileReference; fileEncoding = 4; lastKnownFileType = text.css; path = hybrid.css; sourceTree = "<group>"; };
		CEA239BF1BF7670200D53F57 /* idea.css */ = {isa = PBXFileReference; fileEncoding = 4; lastKnownFileType = text.css; path = idea.css; sourceTree = "<group>"; };
		CEA239C01BF7670200D53F57 /* ir_black.css */ = {isa = PBXFileReference; fileEncoding = 4; lastKnownFileType = text.css; path = ir_black.css; sourceTree = "<group>"; };
		CEA239C11BF7670200D53F57 /* kimbie.dark.css */ = {isa = PBXFileReference; fileEncoding = 4; lastKnownFileType = text.css; path = kimbie.dark.css; sourceTree = "<group>"; };
		CEA239C21BF7670200D53F57 /* kimbie.light.css */ = {isa = PBXFileReference; fileEncoding = 4; lastKnownFileType = text.css; path = kimbie.light.css; sourceTree = "<group>"; };
		CEA239C31BF7670200D53F57 /* magula.css */ = {isa = PBXFileReference; fileEncoding = 4; lastKnownFileType = text.css; path = magula.css; sourceTree = "<group>"; };
		CEA239C41BF7670200D53F57 /* mono-blue.css */ = {isa = PBXFileReference; fileEncoding = 4; lastKnownFileType = text.css; path = "mono-blue.css"; sourceTree = "<group>"; };
		CEA239C51BF7670200D53F57 /* monokai.css */ = {isa = PBXFileReference; fileEncoding = 4; lastKnownFileType = text.css; path = monokai.css; sourceTree = "<group>"; };
		CEA239C61BF7670200D53F57 /* monokai_sublime.css */ = {isa = PBXFileReference; fileEncoding = 4; lastKnownFileType = text.css; path = monokai_sublime.css; sourceTree = "<group>"; };
		CEA239C71BF7670200D53F57 /* obsidian.css */ = {isa = PBXFileReference; fileEncoding = 4; lastKnownFileType = text.css; path = obsidian.css; sourceTree = "<group>"; };
		CEA239C81BF7670200D53F57 /* paraiso.dark.css */ = {isa = PBXFileReference; fileEncoding = 4; lastKnownFileType = text.css; path = paraiso.dark.css; sourceTree = "<group>"; };
		CEA239C91BF7670200D53F57 /* paraiso.light.css */ = {isa = PBXFileReference; fileEncoding = 4; lastKnownFileType = text.css; path = paraiso.light.css; sourceTree = "<group>"; };
		CEA239CA1BF7670200D53F57 /* pojoaque.css */ = {isa = PBXFileReference; fileEncoding = 4; lastKnownFileType = text.css; path = pojoaque.css; sourceTree = "<group>"; };
		CEA239CB1BF7670200D53F57 /* pojoaque.jpg */ = {isa = PBXFileReference; lastKnownFileType = image.jpeg; path = pojoaque.jpg; sourceTree = "<group>"; };
		CEA239CC1BF7670200D53F57 /* railscasts.css */ = {isa = PBXFileReference; fileEncoding = 4; lastKnownFileType = text.css; path = railscasts.css; sourceTree = "<group>"; };
		CEA239CD1BF7670200D53F57 /* rainbow.css */ = {isa = PBXFileReference; fileEncoding = 4; lastKnownFileType = text.css; path = rainbow.css; sourceTree = "<group>"; };
		CEA239CE1BF7670200D53F57 /* school_book.css */ = {isa = PBXFileReference; fileEncoding = 4; lastKnownFileType = text.css; path = school_book.css; sourceTree = "<group>"; };
		CEA239CF1BF7670200D53F57 /* school_book.png */ = {isa = PBXFileReference; lastKnownFileType = image.png; path = school_book.png; sourceTree = "<group>"; };
		CEA239D01BF7670200D53F57 /* solarized_dark.css */ = {isa = PBXFileReference; fileEncoding = 4; lastKnownFileType = text.css; path = solarized_dark.css; sourceTree = "<group>"; };
		CEA239D11BF7670200D53F57 /* solarized_light.css */ = {isa = PBXFileReference; fileEncoding = 4; lastKnownFileType = text.css; path = solarized_light.css; sourceTree = "<group>"; };
		CEA239D21BF7670200D53F57 /* sunburst.css */ = {isa = PBXFileReference; fileEncoding = 4; lastKnownFileType = text.css; path = sunburst.css; sourceTree = "<group>"; };
		CEA239D31BF7670200D53F57 /* tomorrow-night-blue.css */ = {isa = PBXFileReference; fileEncoding = 4; lastKnownFileType = text.css; path = "tomorrow-night-blue.css"; sourceTree = "<group>"; };
		CEA239D41BF7670200D53F57 /* tomorrow-night-bright.css */ = {isa = PBXFileReference; fileEncoding = 4; lastKnownFileType = text.css; path = "tomorrow-night-bright.css"; sourceTree = "<group>"; };
		CEA239D51BF7670200D53F57 /* tomorrow-night-eighties.css */ = {isa = PBXFileReference; fileEncoding = 4; lastKnownFileType = text.css; path = "tomorrow-night-eighties.css"; sourceTree = "<group>"; };
		CEA239D61BF7670200D53F57 /* tomorrow-night.css */ = {isa = PBXFileReference; fileEncoding = 4; lastKnownFileType = text.css; path = "tomorrow-night.css"; sourceTree = "<group>"; };
		CEA239D71BF7670200D53F57 /* tomorrow.css */ = {isa = PBXFileReference; fileEncoding = 4; lastKnownFileType = text.css; path = tomorrow.css; sourceTree = "<group>"; };
		CEA239D81BF7670200D53F57 /* vs.css */ = {isa = PBXFileReference; fileEncoding = 4; lastKnownFileType = text.css; path = vs.css; sourceTree = "<group>"; };
		CEA239D91BF7670200D53F57 /* xcode.css */ = {isa = PBXFileReference; fileEncoding = 4; lastKnownFileType = text.css; path = xcode.css; sourceTree = "<group>"; };
		CEA239DA1BF7670200D53F57 /* zenburn.css */ = {isa = PBXFileReference; fileEncoding = 4; lastKnownFileType = text.css; path = zenburn.css; sourceTree = "<group>"; };
		CECB15F81BF4DA6E00F28F78 /* ZXKit.app */ = {isa = PBXFileReference; explicitFileType = wrapper.application; includeInIndex = 0; path = ZXKit.app; sourceTree = BUILT_PRODUCTS_DIR; };
		CECB15FB1BF4DA6E00F28F78 /* AppDelegate.swift */ = {isa = PBXFileReference; lastKnownFileType = sourcecode.swift; path = AppDelegate.swift; sourceTree = "<group>"; };
		CECB15FD1BF4DA6E00F28F78 /* ViewController.swift */ = {isa = PBXFileReference; lastKnownFileType = sourcecode.swift; path = ViewController.swift; sourceTree = "<group>"; };
		CECB16001BF4DA6E00F28F78 /* Base */ = {isa = PBXFileReference; lastKnownFileType = file.storyboard; name = Base; path = Base.lproj/Main.storyboard; sourceTree = "<group>"; };
		CECB16021BF4DA6E00F28F78 /* Assets.xcassets */ = {isa = PBXFileReference; lastKnownFileType = folder.assetcatalog; path = Assets.xcassets; sourceTree = "<group>"; };
		CECB16051BF4DA6E00F28F78 /* Base */ = {isa = PBXFileReference; lastKnownFileType = file.storyboard; name = Base; path = Base.lproj/LaunchScreen.storyboard; sourceTree = "<group>"; };
		CECB16071BF4DA6E00F28F78 /* Info.plist */ = {isa = PBXFileReference; lastKnownFileType = text.plist.xml; path = Info.plist; sourceTree = "<group>"; };
		CECB16D01BF5029F00F28F78 /* top.png */ = {isa = PBXFileReference; lastKnownFileType = image.png; path = top.png; sourceTree = "<group>"; };
		CECB16D41BF5029F00F28F78 /* ZXGuideViewController.swift */ = {isa = PBXFileReference; fileEncoding = 4; lastKnownFileType = sourcecode.swift; path = ZXGuideViewController.swift; sourceTree = "<group>"; };
		CECB16D61BF5029F00F28F78 /* ZXNavigationController.swift */ = {isa = PBXFileReference; fileEncoding = 4; lastKnownFileType = sourcecode.swift; path = ZXNavigationController.swift; sourceTree = "<group>"; };
		CECB16D91BF5029F00F28F78 /* NSString+.swift */ = {isa = PBXFileReference; fileEncoding = 4; lastKnownFileType = sourcecode.swift; path = "NSString+.swift"; sourceTree = "<group>"; };
		CECB16DA1BF5029F00F28F78 /* NSURL+.swift */ = {isa = PBXFileReference; fileEncoding = 4; lastKnownFileType = sourcecode.swift; path = "NSURL+.swift"; sourceTree = "<group>"; };
		CECB16DB1BF5029F00F28F78 /* UIImage+.swift */ = {isa = PBXFileReference; fileEncoding = 4; lastKnownFileType = sourcecode.swift; path = "UIImage+.swift"; sourceTree = "<group>"; };
		CECB16DE1BF5029F00F28F78 /* UINavigationItem+.swift */ = {isa = PBXFileReference; fileEncoding = 4; lastKnownFileType = sourcecode.swift; path = "UINavigationItem+.swift"; sourceTree = "<group>"; };
		CECB16DF1BF5029F00F28F78 /* UIScrollView+.swift */ = {isa = PBXFileReference; fileEncoding = 4; lastKnownFileType = sourcecode.swift; path = "UIScrollView+.swift"; sourceTree = "<group>"; };
		CECB16E01BF5029F00F28F78 /* UIView+.swift */ = {isa = PBXFileReference; fileEncoding = 4; lastKnownFileType = sourcecode.swift; path = "UIView+.swift"; sourceTree = "<group>"; };
		CECB16E11BF5029F00F28F78 /* ZXColor.swift */ = {isa = PBXFileReference; fileEncoding = 4; lastKnownFileType = sourcecode.swift; path = ZXColor.swift; sourceTree = "<group>"; };
		CECB16E21BF5029F00F28F78 /* ZXHelper.swift */ = {isa = PBXFileReference; fileEncoding = 4; lastKnownFileType = sourcecode.swift; path = ZXHelper.swift; sourceTree = "<group>"; };
		CECB16E31BF5029F00F28F78 /* ZXPaths.swift */ = {isa = PBXFileReference; fileEncoding = 4; lastKnownFileType = sourcecode.swift; path = ZXPaths.swift; sourceTree = "<group>"; };
		CECB16E61BF5029F00F28F78 /* ZXCircleView.swift */ = {isa = PBXFileReference; fileEncoding = 4; lastKnownFileType = sourcecode.swift; path = ZXCircleView.swift; sourceTree = "<group>"; };
		CECB16E81BF5029F00F28F78 /* ZXCuteView.swift */ = {isa = PBXFileReference; fileEncoding = 4; lastKnownFileType = sourcecode.swift; path = ZXCuteView.swift; sourceTree = "<group>"; };
		CECB17311BF5029F00F28F78 /* ZXHighlightWebView.swift */ = {isa = PBXFileReference; fileEncoding = 4; lastKnownFileType = sourcecode.swift; path = ZXHighlightWebView.swift; sourceTree = "<group>"; };
		CECB17331BF5029F00F28F78 /* ZXOptionView.swift */ = {isa = PBXFileReference; fileEncoding = 4; lastKnownFileType = sourcecode.swift; path = ZXOptionView.swift; sourceTree = "<group>"; };
		CECB17351BF5029F00F28F78 /* ZXPageControl.swift */ = {isa = PBXFileReference; fileEncoding = 4; lastKnownFileType = sourcecode.swift; path = ZXPageControl.swift; sourceTree = "<group>"; };
		CECB17371BF5029F00F28F78 /* ZXPagingView.swift */ = {isa = PBXFileReference; fileEncoding = 4; lastKnownFileType = sourcecode.swift; path = ZXPagingView.swift; sourceTree = "<group>"; };
/* End PBXFileReference section */

/* Begin PBXFrameworksBuildPhase section */
		CECB15F51BF4DA6E00F28F78 /* Frameworks */ = {
			isa = PBXFrameworksBuildPhase;
			buildActionMask = 2147483647;
			files = (
				434278A6D201DFB48D2F62B9 /* Pods.framework in Frameworks */,
			);
			runOnlyForDeploymentPostprocessing = 0;
		};
/* End PBXFrameworksBuildPhase section */

/* Begin PBXGroup section */
		C999835FA5AA257A5536AC52 /* Frameworks */ = {
			isa = PBXGroup;
			children = (
				08C7D36E79DEE8CC6C958DBB /* Pods.framework */,
			);
			name = Frameworks;
			sourceTree = "<group>";
		};
		CE2277F81C0D4EBB002C808B /* ZXFileDirectoryView */ = {
			isa = PBXGroup;
			children = (
				CE2277F91C0D4ECD002C808B /* ZXTreeView.swift */,
				CE2278041C0D949D002C808B /* ZXFileDirectoryView.swift */,
				CE2278001C0D8368002C808B /* ZXTreeViewCell.swift */,
			);
			path = ZXFileDirectoryView;
			sourceTree = "<group>";
		};
		CE2277FB1C0D6FB2002C808B /* ZXTreeView */ = {
			isa = PBXGroup;
			children = (
				CE2277FC1C0D6FB2002C808B /* dir@2x.png */,
				CE2278061C0DED17002C808B /* dir_open@2x.png */,
				CE2277FE1C0D7A02002C808B /* code@2x.png */,
			);
			path = ZXTreeView;
			sourceTree = "<group>";
		};
		CEA239941BF7670200D53F57 /* highlight */ = {
			isa = PBXGroup;
			children = (
				CEA239951BF7670200D53F57 /* highlight.pack.js */,
				CEA239961BF7670200D53F57 /* styles */,
			);
			path = highlight;
			sourceTree = "<group>";
		};
		CEA239961BF7670200D53F57 /* styles */ = {
			isa = PBXGroup;
			children = (
				CEA239971BF7670200D53F57 /* agate.css */,
				CEA239981BF7670200D53F57 /* androidstudio.css */,
				CEA239991BF7670200D53F57 /* arta.css */,
				CEA2399A1BF7670200D53F57 /* ascetic.css */,
				CEA2399B1BF7670200D53F57 /* atelier-cave.dark.css */,
				CEA2399C1BF7670200D53F57 /* atelier-cave.light.css */,
				CEA2399D1BF7670200D53F57 /* atelier-dune.dark.css */,
				CEA2399E1BF7670200D53F57 /* atelier-dune.light.css */,
				CEA2399F1BF7670200D53F57 /* atelier-estuary.dark.css */,
				CEA239A01BF7670200D53F57 /* atelier-estuary.light.css */,
				CEA239A11BF7670200D53F57 /* atelier-forest.dark.css */,
				CEA239A21BF7670200D53F57 /* atelier-forest.light.css */,
				CEA239A31BF7670200D53F57 /* atelier-heath.dark.css */,
				CEA239A41BF7670200D53F57 /* atelier-heath.light.css */,
				CEA239A51BF7670200D53F57 /* atelier-lakeside.dark.css */,
				CEA239A61BF7670200D53F57 /* atelier-lakeside.light.css */,
				CEA239A71BF7670200D53F57 /* atelier-plateau.dark.css */,
				CEA239A81BF7670200D53F57 /* atelier-plateau.light.css */,
				CEA239A91BF7670200D53F57 /* atelier-savanna.dark.css */,
				CEA239AA1BF7670200D53F57 /* atelier-savanna.light.css */,
				CEA239AB1BF7670200D53F57 /* atelier-seaside.dark.css */,
				CEA239AC1BF7670200D53F57 /* atelier-seaside.light.css */,
				CEA239AD1BF7670200D53F57 /* atelier-sulphurpool.dark.css */,
				CEA239AE1BF7670200D53F57 /* atelier-sulphurpool.light.css */,
				CEA239AF1BF7670200D53F57 /* brown_paper.css */,
				CEA239B01BF7670200D53F57 /* brown_papersq.png */,
				CEA239B11BF7670200D53F57 /* codepen-embed.css */,
				CEA239B21BF7670200D53F57 /* color-brewer.css */,
				CEA239B31BF7670200D53F57 /* dark.css */,
				CEA239B41BF7670200D53F57 /* darkula.css */,
				CEA239B51BF7670200D53F57 /* default.css */,
				CEA239B61BF7670200D53F57 /* docco.css */,
				CEA239B71BF7670200D53F57 /* far.css */,
				CEA239B81BF7670200D53F57 /* foundation.css */,
				CEA239B91BF7670200D53F57 /* github-gist.css */,
				CEA239BA1BF7670200D53F57 /* github.css */,
				CEA239BB1BF7670200D53F57 /* googlecode.css */,
				CEA239BC1BF7670200D53F57 /* grayscale.css */,
				CEA239BD1BF7670200D53F57 /* hopscotch.css */,
				CEA239BE1BF7670200D53F57 /* hybrid.css */,
				CEA239BF1BF7670200D53F57 /* idea.css */,
				CEA239C01BF7670200D53F57 /* ir_black.css */,
				CEA239C11BF7670200D53F57 /* kimbie.dark.css */,
				CEA239C21BF7670200D53F57 /* kimbie.light.css */,
				CEA239C31BF7670200D53F57 /* magula.css */,
				CEA239C41BF7670200D53F57 /* mono-blue.css */,
				CEA239C51BF7670200D53F57 /* monokai.css */,
				CEA239C61BF7670200D53F57 /* monokai_sublime.css */,
				CEA239C71BF7670200D53F57 /* obsidian.css */,
				CEA239C81BF7670200D53F57 /* paraiso.dark.css */,
				CEA239C91BF7670200D53F57 /* paraiso.light.css */,
				CEA239CA1BF7670200D53F57 /* pojoaque.css */,
				CEA239CB1BF7670200D53F57 /* pojoaque.jpg */,
				CEA239CC1BF7670200D53F57 /* railscasts.css */,
				CEA239CD1BF7670200D53F57 /* rainbow.css */,
				CEA239CE1BF7670200D53F57 /* school_book.css */,
				CEA239CF1BF7670200D53F57 /* school_book.png */,
				CEA239D01BF7670200D53F57 /* solarized_dark.css */,
				CEA239D11BF7670200D53F57 /* solarized_light.css */,
				CEA239D21BF7670200D53F57 /* sunburst.css */,
				CEA239D31BF7670200D53F57 /* tomorrow-night-blue.css */,
				CEA239D41BF7670200D53F57 /* tomorrow-night-bright.css */,
				CEA239D51BF7670200D53F57 /* tomorrow-night-eighties.css */,
				CEA239D61BF7670200D53F57 /* tomorrow-night.css */,
				CEA239D71BF7670200D53F57 /* tomorrow.css */,
				CEA239D81BF7670200D53F57 /* vs.css */,
				CEA239D91BF7670200D53F57 /* xcode.css */,
				CEA239DA1BF7670200D53F57 /* zenburn.css */,
			);
			path = styles;
			sourceTree = "<group>";
		};
		CECB15EF1BF4DA6E00F28F78 = {
			isa = PBXGroup;
			children = (
				CECB15FA1BF4DA6E00F28F78 /* ZXKit */,
				CECB15F91BF4DA6E00F28F78 /* Products */,
				F82D8DC653B06F8D1EC321FA /* Pods */,
				C999835FA5AA257A5536AC52 /* Frameworks */,
			);
			sourceTree = "<group>";
		};
		CECB15F91BF4DA6E00F28F78 /* Products */ = {
			isa = PBXGroup;
			children = (
				CECB15F81BF4DA6E00F28F78 /* ZXKit.app */,
			);
			name = Products;
			sourceTree = "<group>";
		};
		CECB15FA1BF4DA6E00F28F78 /* ZXKit */ = {
			isa = PBXGroup;
			children = (
				CECB16CF1BF5029F00F28F78 /* Resources */,
				CECB16D11BF5029F00F28F78 /* Source */,
				CECB15FB1BF4DA6E00F28F78 /* AppDelegate.swift */,
				CECB15FD1BF4DA6E00F28F78 /* ViewController.swift */,
				CECB15FF1BF4DA6E00F28F78 /* Main.storyboard */,
				CECB16021BF4DA6E00F28F78 /* Assets.xcassets */,
				CECB16041BF4DA6E00F28F78 /* LaunchScreen.storyboard */,
				CECB16071BF4DA6E00F28F78 /* Info.plist */,
			);
			path = ZXKit;
			sourceTree = "<group>";
		};
		CECB16CF1BF5029F00F28F78 /* Resources */ = {
			isa = PBXGroup;
			children = (
				CE2277FB1C0D6FB2002C808B /* ZXTreeView */,
				CEA239941BF7670200D53F57 /* highlight */,
				CECB16D01BF5029F00F28F78 /* top.png */,
			);
			name = Resources;
			path = ../../Resources;
			sourceTree = "<group>";
		};
		CECB16D11BF5029F00F28F78 /* Source */ = {
			isa = PBXGroup;
			children = (
				CECB16D21BF5029F00F28F78 /* controller */,
				CECB16D71BF5029F00F28F78 /* core */,
				CECB16E41BF5029F00F28F78 /* view */,
			);
			name = Source;
			path = ../../Source;
			sourceTree = "<group>";
		};
		CECB16D21BF5029F00F28F78 /* controller */ = {
			isa = PBXGroup;
			children = (
				CECB16D31BF5029F00F28F78 /* ZXGuideViewController */,
				CECB16D51BF5029F00F28F78 /* ZXNavigationController */,
			);
			path = controller;
			sourceTree = "<group>";
		};
		CECB16D31BF5029F00F28F78 /* ZXGuideViewController */ = {
			isa = PBXGroup;
			children = (
				CECB16D41BF5029F00F28F78 /* ZXGuideViewController.swift */,
			);
			path = ZXGuideViewController;
			sourceTree = "<group>";
		};
		CECB16D51BF5029F00F28F78 /* ZXNavigationController */ = {
			isa = PBXGroup;
			children = (
				CECB16D61BF5029F00F28F78 /* ZXNavigationController.swift */,
			);
			path = ZXNavigationController;
			sourceTree = "<group>";
		};
		CECB16D71BF5029F00F28F78 /* core */ = {
			isa = PBXGroup;
			children = (
				CECB16D81BF5029F00F28F78 /* extension */,
				CECB16E11BF5029F00F28F78 /* ZXColor.swift */,
				CECB16E21BF5029F00F28F78 /* ZXHelper.swift */,
				CECB16E31BF5029F00F28F78 /* ZXPaths.swift */,
			);
			path = core;
			sourceTree = "<group>";
		};
		CECB16D81BF5029F00F28F78 /* extension */ = {
			isa = PBXGroup;
			children = (
				CECB16D91BF5029F00F28F78 /* NSString+.swift */,
				CE2278021C0D92CB002C808B /* Array+.swift */,
				CECB16DA1BF5029F00F28F78 /* NSURL+.swift */,
				CECB16DB1BF5029F00F28F78 /* UIImage+.swift */,
				CECB16DE1BF5029F00F28F78 /* UINavigationItem+.swift */,
				CECB16DF1BF5029F00F28F78 /* UIScrollView+.swift */,
				CECB16E01BF5029F00F28F78 /* UIView+.swift */,
			);
			path = extension;
			sourceTree = "<group>";
		};
		CECB16E41BF5029F00F28F78 /* view */ = {
			isa = PBXGroup;
			children = (
				CE2277F81C0D4EBB002C808B /* ZXFileDirectoryView */,
				CECB16E51BF5029F00F28F78 /* ZXCircleView */,
				CECB16E71BF5029F00F28F78 /* ZXCuteView */,
				CECB16E91BF5029F00F28F78 /* ZXHighloghtWebView */,
				CECB17321BF5029F00F28F78 /* ZXOptionView */,
				CECB17341BF5029F00F28F78 /* ZXPageControl */,
				CECB17361BF5029F00F28F78 /* ZXPagingView */,
			);
			path = view;
			sourceTree = "<group>";
		};
		CECB16E51BF5029F00F28F78 /* ZXCircleView */ = {
			isa = PBXGroup;
			children = (
				CECB16E61BF5029F00F28F78 /* ZXCircleView.swift */,
			);
			path = ZXCircleView;
			sourceTree = "<group>";
		};
		CECB16E71BF5029F00F28F78 /* ZXCuteView */ = {
			isa = PBXGroup;
			children = (
				CECB16E81BF5029F00F28F78 /* ZXCuteView.swift */,
			);
			path = ZXCuteView;
			sourceTree = "<group>";
		};
		CECB16E91BF5029F00F28F78 /* ZXHighloghtWebView */ = {
			isa = PBXGroup;
			children = (
				CECB17311BF5029F00F28F78 /* ZXHighlightWebView.swift */,
			);
			path = ZXHighloghtWebView;
			sourceTree = "<group>";
		};
		CECB17321BF5029F00F28F78 /* ZXOptionView */ = {
			isa = PBXGroup;
			children = (
				CECB17331BF5029F00F28F78 /* ZXOptionView.swift */,
			);
			path = ZXOptionView;
			sourceTree = "<group>";
		};
		CECB17341BF5029F00F28F78 /* ZXPageControl */ = {
			isa = PBXGroup;
			children = (
				CECB17351BF5029F00F28F78 /* ZXPageControl.swift */,
			);
			path = ZXPageControl;
			sourceTree = "<group>";
		};
		CECB17361BF5029F00F28F78 /* ZXPagingView */ = {
			isa = PBXGroup;
			children = (
				CECB17371BF5029F00F28F78 /* ZXPagingView.swift */,
			);
			path = ZXPagingView;
			sourceTree = "<group>";
		};
		F82D8DC653B06F8D1EC321FA /* Pods */ = {
			isa = PBXGroup;
			children = (
				16040A3793806ACA8F372E96 /* Pods.debug.xcconfig */,
				B556D2944BF49F8C6DFF68FE /* Pods.release.xcconfig */,
			);
			name = Pods;
			sourceTree = "<group>";
		};
/* End PBXGroup section */

/* Begin PBXNativeTarget section */
		CECB15F71BF4DA6E00F28F78 /* ZXKit */ = {
			isa = PBXNativeTarget;
			buildConfigurationList = CECB160A1BF4DA6E00F28F78 /* Build configuration list for PBXNativeTarget "ZXKit" */;
			buildPhases = (
				4BB61439DDA39D637E9D7246 /* Check Pods Manifest.lock */,
				CECB15F41BF4DA6E00F28F78 /* Sources */,
				CECB15F51BF4DA6E00F28F78 /* Frameworks */,
				CECB15F61BF4DA6E00F28F78 /* Resources */,
				BE6D3C564C394AC086F7EB9A /* Embed Pods Frameworks */,
				25F6B2E06860D81F39A5C00E /* Copy Pods Resources */,
			);
			buildRules = (
			);
			dependencies = (
			);
			name = ZXKit;
			productName = ZXKit;
			productReference = CECB15F81BF4DA6E00F28F78 /* ZXKit.app */;
			productType = "com.apple.product-type.application";
		};
/* End PBXNativeTarget section */

/* Begin PBXProject section */
		CECB15F01BF4DA6E00F28F78 /* Project object */ = {
			isa = PBXProject;
			attributes = {
				LastSwiftUpdateCheck = 0710;
				LastUpgradeCheck = 0710;
				ORGANIZATIONNAME = "陈奕龙";
				TargetAttributes = {
					CECB15F71BF4DA6E00F28F78 = {
						CreatedOnToolsVersion = 7.1;
					};
				};
			};
			buildConfigurationList = CECB15F31BF4DA6E00F28F78 /* Build configuration list for PBXProject "ZXKit" */;
			compatibilityVersion = "Xcode 3.2";
			developmentRegion = English;
			hasScannedForEncodings = 0;
			knownRegions = (
				en,
				Base,
			);
			mainGroup = CECB15EF1BF4DA6E00F28F78;
			productRefGroup = CECB15F91BF4DA6E00F28F78 /* Products */;
			projectDirPath = "";
			projectRoot = "";
			targets = (
				CECB15F71BF4DA6E00F28F78 /* ZXKit */,
			);
		};
/* End PBXProject section */

/* Begin PBXResourcesBuildPhase section */
		CECB15F61BF4DA6E00F28F78 /* Resources */ = {
			isa = PBXResourcesBuildPhase;
			buildActionMask = 2147483647;
			files = (
				CECB16061BF4DA6E00F28F78 /* LaunchScreen.storyboard in Resources */,
				CEA239E31BF7670200D53F57 /* atelier-dune.light.css in Resources */,
				CECB17381BF5029F00F28F78 /* top.png in Resources */,
				CEA239E21BF7670200D53F57 /* atelier-dune.dark.css in Resources */,
				CEA239FE1BF7670200D53F57 /* github-gist.css in Resources */,
				CEA23A011BF7670200D53F57 /* grayscale.css in Resources */,
				CE2277FD1C0D6FB2002C808B /* dir@2x.png in Resources */,
				CEA239F21BF7670200D53F57 /* atelier-sulphurpool.dark.css in Resources */,
				CEA239E01BF7670200D53F57 /* atelier-cave.dark.css in Resources */,
				CEA23A1A1BF7670200D53F57 /* tomorrow-night-eighties.css in Resources */,
				CEA239F91BF7670200D53F57 /* darkula.css in Resources */,
				CEA239F81BF7670200D53F57 /* dark.css in Resources */,
				CEA239F31BF7670200D53F57 /* atelier-sulphurpool.light.css in Resources */,
				CEA239F51BF7670200D53F57 /* brown_papersq.png in Resources */,
				CEA23A071BF7670200D53F57 /* kimbie.light.css in Resources */,
				CEA23A1D1BF7670200D53F57 /* vs.css in Resources */,
				CEA239F61BF7670200D53F57 /* codepen-embed.css in Resources */,
				CEA23A161BF7670200D53F57 /* solarized_light.css in Resources */,
				CEA23A091BF7670200D53F57 /* mono-blue.css in Resources */,
				CEA239FB1BF7670200D53F57 /* docco.css in Resources */,
				CEA23A061BF7670200D53F57 /* kimbie.dark.css in Resources */,
				CECB16031BF4DA6E00F28F78 /* Assets.xcassets in Resources */,
				CEA239F71BF7670200D53F57 /* color-brewer.css in Resources */,
				CEA23A181BF7670200D53F57 /* tomorrow-night-blue.css in Resources */,
				CEA23A1C1BF7670200D53F57 /* tomorrow.css in Resources */,
				CEA239DD1BF7670200D53F57 /* androidstudio.css in Resources */,
				CEA23A051BF7670200D53F57 /* ir_black.css in Resources */,
				CEA23A151BF7670200D53F57 /* solarized_dark.css in Resources */,
				CEA23A141BF7670200D53F57 /* school_book.png in Resources */,
				CEA239EA1BF7670200D53F57 /* atelier-lakeside.dark.css in Resources */,
				CEA23A0D1BF7670200D53F57 /* paraiso.dark.css in Resources */,
				CEA239DB1BF7670200D53F57 /* highlight.pack.js in Resources */,
				CEA239EE1BF7670200D53F57 /* atelier-savanna.dark.css in Resources */,
				CEA23A021BF7670200D53F57 /* hopscotch.css in Resources */,
				CEA239EF1BF7670200D53F57 /* atelier-savanna.light.css in Resources */,
				CEA23A111BF7670200D53F57 /* railscasts.css in Resources */,
				CEA23A031BF7670200D53F57 /* hybrid.css in Resources */,
				CEA239E61BF7670200D53F57 /* atelier-forest.dark.css in Resources */,
				CEA239FC1BF7670200D53F57 /* far.css in Resources */,
				CEA23A0A1BF7670200D53F57 /* monokai.css in Resources */,
				CEA239DE1BF7670200D53F57 /* arta.css in Resources */,
				CEA239F41BF7670200D53F57 /* brown_paper.css in Resources */,
				CEA23A041BF7670200D53F57 /* idea.css in Resources */,
				CEA23A101BF7670200D53F57 /* pojoaque.jpg in Resources */,
				CEA239E51BF7670200D53F57 /* atelier-estuary.light.css in Resources */,
				CEA23A131BF7670200D53F57 /* school_book.css in Resources */,
				CEA23A121BF7670200D53F57 /* rainbow.css in Resources */,
				CEA239FD1BF7670200D53F57 /* foundation.css in Resources */,
				CEA239DF1BF7670200D53F57 /* ascetic.css in Resources */,
				CEA239DC1BF7670200D53F57 /* agate.css in Resources */,
				CEA23A001BF7670200D53F57 /* googlecode.css in Resources */,
				CEA239ED1BF7670200D53F57 /* atelier-plateau.light.css in Resources */,
				CEA239FF1BF7670200D53F57 /* github.css in Resources */,
				CECB16011BF4DA6E00F28F78 /* Main.storyboard in Resources */,
				CEA23A0C1BF7670200D53F57 /* obsidian.css in Resources */,
				CEA239EB1BF7670200D53F57 /* atelier-lakeside.light.css in Resources */,
				CEA239FA1BF7670200D53F57 /* default.css in Resources */,
				CE2277FF1C0D7A02002C808B /* code@2x.png in Resources */,
				CEA23A191BF7670200D53F57 /* tomorrow-night-bright.css in Resources */,
				CEA239EC1BF7670200D53F57 /* atelier-plateau.dark.css in Resources */,
				CEA23A0F1BF7670200D53F57 /* pojoaque.css in Resources */,
				CEA23A081BF7670200D53F57 /* magula.css in Resources */,
				CEA239F11BF7670200D53F57 /* atelier-seaside.light.css in Resources */,
				CEA23A1B1BF7670200D53F57 /* tomorrow-night.css in Resources */,
				CEA23A0B1BF7670200D53F57 /* monokai_sublime.css in Resources */,
				CEA23A171BF7670200D53F57 /* sunburst.css in Resources */,
				CEA239E71BF7670200D53F57 /* atelier-forest.light.css in Resources */,
				CEA239E41BF7670200D53F57 /* atelier-estuary.dark.css in Resources */,
				CEA239E81BF7670200D53F57 /* atelier-heath.dark.css in Resources */,
				CEA239E11BF7670200D53F57 /* atelier-cave.light.css in Resources */,
				CEA23A0E1BF7670200D53F57 /* paraiso.light.css in Resources */,
				CEA23A1F1BF7670200D53F57 /* zenburn.css in Resources */,
				CE2278071C0DED17002C808B /* dir_open@2x.png in Resources */,
				CEA239E91BF7670200D53F57 /* atelier-heath.light.css in Resources */,
				CEA239F01BF7670200D53F57 /* atelier-seaside.dark.css in Resources */,
				CEA23A1E1BF7670200D53F57 /* xcode.css in Resources */,
			);
			runOnlyForDeploymentPostprocessing = 0;
		};
/* End PBXResourcesBuildPhase section */

/* Begin PBXShellScriptBuildPhase section */
		25F6B2E06860D81F39A5C00E /* Copy Pods Resources */ = {
			isa = PBXShellScriptBuildPhase;
			buildActionMask = 2147483647;
			files = (
			);
			inputPaths = (
			);
			name = "Copy Pods Resources";
			outputPaths = (
			);
			runOnlyForDeploymentPostprocessing = 0;
			shellPath = /bin/sh;
			shellScript = "\"${SRCROOT}/Pods/Target Support Files/Pods/Pods-resources.sh\"\n";
			showEnvVarsInLog = 0;
		};
		4BB61439DDA39D637E9D7246 /* Check Pods Manifest.lock */ = {
			isa = PBXShellScriptBuildPhase;
			buildActionMask = 2147483647;
			files = (
			);
			inputPaths = (
			);
			name = "Check Pods Manifest.lock";
			outputPaths = (
			);
			runOnlyForDeploymentPostprocessing = 0;
			shellPath = /bin/sh;
			shellScript = "diff \"${PODS_ROOT}/../Podfile.lock\" \"${PODS_ROOT}/Manifest.lock\" > /dev/null\nif [[ $? != 0 ]] ; then\n    cat << EOM\nerror: The sandbox is not in sync with the Podfile.lock. Run 'pod install' or update your CocoaPods installation.\nEOM\n    exit 1\nfi\n";
			showEnvVarsInLog = 0;
		};
		BE6D3C564C394AC086F7EB9A /* Embed Pods Frameworks */ = {
			isa = PBXShellScriptBuildPhase;
			buildActionMask = 2147483647;
			files = (
			);
			inputPaths = (
			);
			name = "Embed Pods Frameworks";
			outputPaths = (
			);
			runOnlyForDeploymentPostprocessing = 0;
			shellPath = /bin/sh;
			shellScript = "\"${SRCROOT}/Pods/Target Support Files/Pods/Pods-frameworks.sh\"\n";
			showEnvVarsInLog = 0;
		};
/* End PBXShellScriptBuildPhase section */

/* Begin PBXSourcesBuildPhase section */
		CECB15F41BF4DA6E00F28F78 /* Sources */ = {
			isa = PBXSourcesBuildPhase;
			buildActionMask = 2147483647;
			files = (
				CE2278031C0D92CB002C808B /* Array+.swift in Sources */,
				CECB17901BF5029F00F28F78 /* ZXPagingView.swift in Sources */,
				CECB17391BF5029F00F28F78 /* ZXGuideViewController.swift in Sources */,
				CECB17431BF5029F00F28F78 /* ZXColor.swift in Sources */,
				CECB178E1BF5029F00F28F78 /* ZXOptionView.swift in Sources */,
				CECB178D1BF5029F00F28F78 /* ZXHighlightWebView.swift in Sources */,
				CECB17411BF5029F00F28F78 /* UIScrollView+.swift in Sources */,
				CE2278051C0D949D002C808B /* ZXFileDirectoryView.swift in Sources */,
				CE2277FA1C0D4ECD002C808B /* ZXTreeView.swift in Sources */,
				CECB173B1BF5029F00F28F78 /* NSString+.swift in Sources */,
				CECB173C1BF5029F00F28F78 /* NSURL+.swift in Sources */,
				CECB173A1BF5029F00F28F78 /* ZXNavigationController.swift in Sources */,
				CECB17401BF5029F00F28F78 /* UINavigationItem+.swift in Sources */,
				CECB17421BF5029F00F28F78 /* UIView+.swift in Sources */,
				CECB173D1BF5029F00F28F78 /* UIImage+.swift in Sources */,
				CECB15FE1BF4DA6E00F28F78 /* ViewController.swift in Sources */,
				CECB178F1BF5029F00F28F78 /* ZXPageControl.swift in Sources */,
				CECB17461BF5029F00F28F78 /* ZXCircleView.swift in Sources */,
				CECB17471BF5029F00F28F78 /* ZXCuteView.swift in Sources */,
				CECB17451BF5029F00F28F78 /* ZXPaths.swift in Sources */,
				CE2278011C0D8368002C808B /* ZXTreeViewCell.swift in Sources */,
				CECB15FC1BF4DA6E00F28F78 /* AppDelegate.swift in Sources */,
				CECB17441BF5029F00F28F78 /* ZXHelper.swift in Sources */,
			);
			runOnlyForDeploymentPostprocessing = 0;
		};
/* End PBXSourcesBuildPhase section */

/* Begin PBXVariantGroup section */
		CECB15FF1BF4DA6E00F28F78 /* Main.storyboard */ = {
			isa = PBXVariantGroup;
			children = (
				CECB16001BF4DA6E00F28F78 /* Base */,
			);
			name = Main.storyboard;
			sourceTree = "<group>";
		};
		CECB16041BF4DA6E00F28F78 /* LaunchScreen.storyboard */ = {
			isa = PBXVariantGroup;
			children = (
				CECB16051BF4DA6E00F28F78 /* Base */,
			);
			name = LaunchScreen.storyboard;
			sourceTree = "<group>";
		};
/* End PBXVariantGroup section */

/* Begin XCBuildConfiguration section */
		CECB16081BF4DA6E00F28F78 /* Debug */ = {
			isa = XCBuildConfiguration;
			buildSettings = {
				ALWAYS_SEARCH_USER_PATHS = NO;
				CLANG_CXX_LANGUAGE_STANDARD = "gnu++0x";
				CLANG_CXX_LIBRARY = "libc++";
				CLANG_ENABLE_MODULES = YES;
				CLANG_ENABLE_OBJC_ARC = YES;
				CLANG_WARN_BOOL_CONVERSION = YES;
				CLANG_WARN_CONSTANT_CONVERSION = YES;
				CLANG_WARN_DIRECT_OBJC_ISA_USAGE = YES_ERROR;
				CLANG_WARN_EMPTY_BODY = YES;
				CLANG_WARN_ENUM_CONVERSION = YES;
				CLANG_WARN_INT_CONVERSION = YES;
				CLANG_WARN_OBJC_ROOT_CLASS = YES_ERROR;
				CLANG_WARN_UNREACHABLE_CODE = YES;
				CLANG_WARN__DUPLICATE_METHOD_MATCH = YES;
				"CODE_SIGN_IDENTITY[sdk=iphoneos*]" = "iPhone Developer";
				COPY_PHASE_STRIP = NO;
				DEBUG_INFORMATION_FORMAT = dwarf;
				ENABLE_STRICT_OBJC_MSGSEND = YES;
				ENABLE_TESTABILITY = YES;
				GCC_C_LANGUAGE_STANDARD = gnu99;
				GCC_DYNAMIC_NO_PIC = NO;
				GCC_NO_COMMON_BLOCKS = YES;
				GCC_OPTIMIZATION_LEVEL = 0;
				GCC_PREPROCESSOR_DEFINITIONS = (
					"DEBUG=1",
					"$(inherited)",
				);
				GCC_WARN_64_TO_32_BIT_CONVERSION = YES;
				GCC_WARN_ABOUT_RETURN_TYPE = YES_ERROR;
				GCC_WARN_UNDECLARED_SELECTOR = YES;
				GCC_WARN_UNINITIALIZED_AUTOS = YES_AGGRESSIVE;
				GCC_WARN_UNUSED_FUNCTION = YES;
				GCC_WARN_UNUSED_VARIABLE = YES;
				IPHONEOS_DEPLOYMENT_TARGET = 9.1;
				MTL_ENABLE_DEBUG_INFO = YES;
				ONLY_ACTIVE_ARCH = YES;
				SDKROOT = iphoneos;
				SWIFT_OPTIMIZATION_LEVEL = "-Onone";
				TARGETED_DEVICE_FAMILY = "1,2";
			};
			name = Debug;
		};
		CECB16091BF4DA6E00F28F78 /* Release */ = {
			isa = XCBuildConfiguration;
			buildSettings = {
				ALWAYS_SEARCH_USER_PATHS = NO;
				CLANG_CXX_LANGUAGE_STANDARD = "gnu++0x";
				CLANG_CXX_LIBRARY = "libc++";
				CLANG_ENABLE_MODULES = YES;
				CLANG_ENABLE_OBJC_ARC = YES;
				CLANG_WARN_BOOL_CONVERSION = YES;
				CLANG_WARN_CONSTANT_CONVERSION = YES;
				CLANG_WARN_DIRECT_OBJC_ISA_USAGE = YES_ERROR;
				CLANG_WARN_EMPTY_BODY = YES;
				CLANG_WARN_ENUM_CONVERSION = YES;
				CLANG_WARN_INT_CONVERSION = YES;
				CLANG_WARN_OBJC_ROOT_CLASS = YES_ERROR;
				CLANG_WARN_UNREACHABLE_CODE = YES;
				CLANG_WARN__DUPLICATE_METHOD_MATCH = YES;
				"CODE_SIGN_IDENTITY[sdk=iphoneos*]" = "iPhone Developer";
				COPY_PHASE_STRIP = NO;
				DEBUG_INFORMATION_FORMAT = "dwarf-with-dsym";
				ENABLE_NS_ASSERTIONS = NO;
				ENABLE_STRICT_OBJC_MSGSEND = YES;
				GCC_C_LANGUAGE_STANDARD = gnu99;
				GCC_NO_COMMON_BLOCKS = YES;
				GCC_WARN_64_TO_32_BIT_CONVERSION = YES;
				GCC_WARN_ABOUT_RETURN_TYPE = YES_ERROR;
				GCC_WARN_UNDECLARED_SELECTOR = YES;
				GCC_WARN_UNINITIALIZED_AUTOS = YES_AGGRESSIVE;
				GCC_WARN_UNUSED_FUNCTION = YES;
				GCC_WARN_UNUSED_VARIABLE = YES;
				IPHONEOS_DEPLOYMENT_TARGET = 9.1;
				MTL_ENABLE_DEBUG_INFO = NO;
				SDKROOT = iphoneos;
				TARGETED_DEVICE_FAMILY = "1,2";
				VALIDATE_PRODUCT = YES;
			};
			name = Release;
		};
		CECB160B1BF4DA6E00F28F78 /* Debug */ = {
			isa = XCBuildConfiguration;
			baseConfigurationReference = 16040A3793806ACA8F372E96 /* Pods.debug.xcconfig */;
			buildSettings = {
				ASSETCATALOG_COMPILER_APPICON_NAME = AppIcon;
				INFOPLIST_FILE = ZXKit/Info.plist;
				LD_RUNPATH_SEARCH_PATHS = "$(inherited) @executable_path/Frameworks";
				PRODUCT_BUNDLE_IDENTIFIER = zixun.ZXKit;
				PRODUCT_NAME = "$(TARGET_NAME)";
			};
			name = Debug;
		};
		CECB160C1BF4DA6E00F28F78 /* Release */ = {
			isa = XCBuildConfiguration;
			baseConfigurationReference = B556D2944BF49F8C6DFF68FE /* Pods.release.xcconfig */;
			buildSettings = {
				ASSETCATALOG_COMPILER_APPICON_NAME = AppIcon;
				INFOPLIST_FILE = ZXKit/Info.plist;
				LD_RUNPATH_SEARCH_PATHS = "$(inherited) @executable_path/Frameworks";
				PRODUCT_BUNDLE_IDENTIFIER = zixun.ZXKit;
				PRODUCT_NAME = "$(TARGET_NAME)";
			};
			name = Release;
		};
/* End XCBuildConfiguration section */

/* Begin XCConfigurationList section */
		CECB15F31BF4DA6E00F28F78 /* Build configuration list for PBXProject "ZXKit" */ = {
			isa = XCConfigurationList;
			buildConfigurations = (
				CECB16081BF4DA6E00F28F78 /* Debug */,
				CECB16091BF4DA6E00F28F78 /* Release */,
			);
			defaultConfigurationIsVisible = 0;
			defaultConfigurationName = Release;
		};
		CECB160A1BF4DA6E00F28F78 /* Build configuration list for PBXNativeTarget "ZXKit" */ = {
			isa = XCConfigurationList;
			buildConfigurations = (
				CECB160B1BF4DA6E00F28F78 /* Debug */,
				CECB160C1BF4DA6E00F28F78 /* Release */,
			);
			defaultConfigurationIsVisible = 0;
			defaultConfigurationName = Release;
		};
/* End XCConfigurationList section */
	};
	rootObject = CECB15F01BF4DA6E00F28F78 /* Project object */;
}
